
Microsoft Visual Studio Solution File, Format Version 11.00
# Visual Studio 2010
Project("{2150E333-8FDC-42A3-9474-1A3956D46DE8}") = "HuiXiuChePCClient", "HuiXiuChePCClient", "{4D0CAD5D-F7D7-4D2E-A170-D0FB9C2285DB}"
EndProject
Project("{2150E333-8FDC-42A3-9474-1A3956D46DE8}") = "HuiXiuCheServer", "HuiXiuCheServer", "{18B354EB-FD72-4AA4-9626-AD4BEE7AC7E3}"
EndProject
Project("{FAE04EC0-301F-11D3-BF4B-00C04F79EFBC}") = "HuiXiuCheSys.PCClient.ControlLibrary", "HuiXiuCheSys.PCClient.ControlLibrary\HuiXiuCheSys.PCClient.ControlLibrary.csproj", "{50310112-C80E-44F6-80A0-F23DCE1017E5}"
EndProject
Project("{FAE04EC0-301F-11D3-BF4B-00C04F79EFBC}") = "ServiceStationClient.ComponentUI", "ServiceStationClient.ComponentUI\ServiceStationClient.ComponentUI.csproj", "{9241B977-6055-4CE7-BEF1-A8A1D6594C7A}"
EndProject
Project("{FAE04EC0-301F-11D3-BF4B-00C04F79EFBC}") = "HXCPcClient", "HXCPcClient\HXCPcClient.csproj", "{ECC81AD5-7E16-464E-9060-6DEA47FDFD3B}"
EndProject
Project("{FAE04EC0-301F-11D3-BF4B-00C04F79EFBC}") = "ServiceStationClient.Skin", "ServiceStationClient.Skin\ServiceStationClient.Skin.csproj", "{E43F73EA-2EE6-4848-ACA8-35B73462789F}"
EndProject
Project("{FAE04EC0-301F-11D3-BF4B-00C04F79EFBC}") = "HuiXiuCheWcfService", "HuiXiuCheWcfService\HuiXiuCheWcfService.csproj", "{6963378E-295E-461C-A69A-D6A3142AFF61}"
EndProject
Project("{FAE04EC0-301F-11D3-BF4B-00C04F79EFBC}") = "HXC.SQLite", "HXC.SQLite\HXC.SQLite.csproj", "{50D0A243-CB00-4B2E-BBD7-4628E8C4A440}"
EndProject
Project("{FAE04EC0-301F-11D3-BF4B-00C04F79EFBC}") = "BLL", "BLL\BLL.csproj", "{0EBFB67B-045C-4FDA-BE05-1DA82AB0AD06}"
EndProject
Project("{FAE04EC0-301F-11D3-BF4B-00C04F79EFBC}") = "DALFactory", "DALFactory\DALFactory.csproj", "{361D0EB7-15E9-47DD-8C48-6E579FF49D6C}"
EndProject
Project("{FAE04EC0-301F-11D3-BF4B-00C04F79EFBC}") = "DBUtility", "DBUtility\DBUtility.csproj", "{57B9B55C-D329-44AE-8E46-99F7C86970A0}"
EndProject
Project("{FAE04EC0-301F-11D3-BF4B-00C04F79EFBC}") = "IDAL", "IDAL\IDAL.csproj", "{EA55EDA6-2000-42B7-9887-D341E707C561}"
EndProject
Project("{FAE04EC0-301F-11D3-BF4B-00C04F79EFBC}") = "SQLServerDAL", "SQLServerDAL\SQLServerDAL.csproj", "{E9BA691A-C32C-4D9C-9280-9C6A612C286E}"
EndProject
Project("{FAE04EC0-301F-11D3-BF4B-00C04F79EFBC}") = "Model", "Model\Model.csproj", "{C82568A7-143C-488B-AE12-61F15CF69A80}"
EndProject
Project("{FAE04EC0-301F-11D3-BF4B-00C04F79EFBC}") = "Utility", "Utility\Utility.csproj", "{E3F10FEF-C8E4-450F-B20D-5A11A5486FF1}"
EndProject
Project("{FAE04EC0-301F-11D3-BF4B-00C04F79EFBC}") = "HXCCommon", "Common\HXCCommon.csproj", "{8F4631CC-B096-4577-B324-113976AB0DD8}"
EndProject
Project("{2150E333-8FDC-42A3-9474-1A3956D46DE8}") = "DataService", "DataService", "{2CCB12BE-7C31-4987-9FF5-4F1E3493DFBA}"
EndProject
Project("{FAE04EC0-301F-11D3-BF4B-00C04F79EFBC}") = "HuiXiuCheWcfContract", "HuiXiuCheWcfContract\HuiXiuCheWcfContract.csproj", "{115F0BBB-AE9E-467B-A76B-0103B3978490}"
EndProject
Project("{FAE04EC0-301F-11D3-BF4B-00C04F79EFBC}") = "ClientBLL", "ClientBLL\ClientBLL.csproj", "{13EA3CF8-8522-45CB-B3CB-5EB9427C2326}"
EndProject
Project("{FAE04EC0-301F-11D3-BF4B-00C04F79EFBC}") = "HXCLog", "HXCLog\HXCLog.csproj", "{7ED81194-3119-4BEB-AFFB-627614075F50}"
EndProject
Project("{FAE04EC0-301F-11D3-BF4B-00C04F79EFBC}") = "HXCSession", "HXCSession\HXCSession.csproj", "{3D2E6532-176C-4FDC-858F-0D46066B64E6}"
EndProject
Project("{FAE04EC0-301F-11D3-BF4B-00C04F79EFBC}") = "SYSModel", "SYSModel\SYSModel.csproj", "{2C218F81-1C42-475D-A448-84980264707C}"
EndProject
Project("{2150E333-8FDC-42A3-9474-1A3956D46DE8}") = "FileService", "FileService", "{7A1F1903-2E4A-4041-80C2-721F79C44E66}"
EndProject
Project("{FAE04EC0-301F-11D3-BF4B-00C04F79EFBC}") = "HuiXiuCheWcfFileContract", "HuiXiuCheWcfFileContract\HuiXiuCheWcfFileContract.csproj", "{56BCFAC0-C3A4-4546-BD08-55A4DFF071EF}"
EndProject
Project("{FAE04EC0-301F-11D3-BF4B-00C04F79EFBC}") = "HuiXiuCheWcfFileService", "HuiXiuCheWcfFileService\HuiXiuCheWcfFileService.csproj", "{6316F0D2-B9B7-4FD8-8AB5-76D9C7F14091}"
EndProject
Project("{2150E333-8FDC-42A3-9474-1A3956D46DE8}") = "FileTransferService", "FileTransferService", "{1BC9A319-289F-4E93-AD0E-3ECF771F1F25}"
EndProject
Project("{FAE04EC0-301F-11D3-BF4B-00C04F79EFBC}") = "HuiXiuCheWcfFileTransferContract", "HuiXiuCheWcfFileTransferContract\HuiXiuCheWcfFileTransferContract.csproj", "{239A78C2-A651-4DA7-AEDA-D21719A42534}"
EndProject
Project("{FAE04EC0-301F-11D3-BF4B-00C04F79EFBC}") = "HuiXiuCheWcfFileTransferService", "HuiXiuCheWcfFileTransferService\HuiXiuCheWcfFileTransferService.csproj", "{C6935933-2E15-4A3F-B8C4-BFA403F1E864}"
EndProject
Project("{FAE04EC0-301F-11D3-BF4B-00C04F79EFBC}") = "HXCFileTransferCache_Server", "HXCFileTransferCache_Server\HXCFileTransferCache_Server.csproj", "{0619C4A3-6C09-4550-840F-4FCC5913B839}"
EndProject
Project("{FAE04EC0-301F-11D3-BF4B-00C04F79EFBC}") = "HXCFileTransferCache_Client", "HXCFileTransferCache_Client\HXCFileTransferCache_Client.csproj", "{9E2D45C4-B0BC-4B90-8C44-ED5D70F6BAB9}"
EndProject
Project("{2150E333-8FDC-42A3-9474-1A3956D46DE8}") = "PartnerWebService", "PartnerWebService", "{E46DE775-1768-4D95-BED1-5ED99F278DDA}"
EndProject
Project("{FAE04EC0-301F-11D3-BF4B-00C04F79EFBC}") = "HXC_FuncUtility", "HXC_FuncUtility\HXC_FuncUtility.csproj", "{842D8CE2-E85C-45FF-8AC6-765071CFEBBC}"
EndProject
Project("{2150E333-8FDC-42A3-9474-1A3956D46DE8}") = "WindowsServices", "WindowsServices", "{594A3E14-F9D0-42CD-86B3-EF520A821C02}"
EndProject
Project("{FAE04EC0-301F-11D3-BF4B-00C04F79EFBC}") = "HXCDataServiceWinService", "HXCDataServiceWinService\HXCDataServiceWinService.csproj", "{51932BE7-32D6-40A6-B741-37B7067B413D}"
EndProject
Project("{FAE04EC0-301F-11D3-BF4B-00C04F79EFBC}") = "HXCFileServiceWinService", "HXCFileServiceWinService\HXCFileServiceWinService.csproj", "{5B2D7EF6-B8D5-41D1-A0DD-A52F80A89552}"
EndProject
Project("{FAE04EC0-301F-11D3-BF4B-00C04F79EFBC}") = "HXCFileTransferServiceWinService", "HXCFileTransferServiceWinService\HXCFileTransferServiceWinService.csproj", "{7A2CB33F-E0CC-4DF4-9410-B29BED85DDB7}"
EndProject
Project("{FAE04EC0-301F-11D3-BF4B-00C04F79EFBC}") = "HXCServerWinForm", "HXCServerWinForm\HXCServerWinForm.csproj", "{0570F0AC-66DD-41FD-B97B-75B317B18054}"
EndProject
Project("{FAE04EC0-301F-11D3-BF4B-00C04F79EFBC}") = "HXCPRepairProgress", "HXCPRepairProgress\HXCPRepairProgress.csproj", "{2D2C8543-507F-4924-9C1E-BB2F0E497004}"
EndProject
Project("{FAE04EC0-301F-11D3-BF4B-00C04F79EFBC}") = "testWinForm", "testWinForm\testWinForm.csproj", "{EEC1DEDB-2B5A-40E9-8E33-6CB64205A074}"
EndProject
Project("{FAE04EC0-301F-11D3-BF4B-00C04F79EFBC}") = "HuiXiuCheWcfSessionContract", "HuiXiuCheWcfSessionContract\HuiXiuCheWcfSessionContract.csproj", "{EBEBF7C0-D2D2-44D0-BBFC-8A1167FD914C}"
EndProject
Project("{FAE04EC0-301F-11D3-BF4B-00C04F79EFBC}") = "HuiXiuCheWcfSessionService", "HuiXiuCheWcfSessionService\HuiXiuCheWcfSessionService.csproj", "{A1ACB9FC-B759-476A-9807-E70F4E116166}"
EndProject
Project("{FAE04EC0-301F-11D3-BF4B-00C04F79EFBC}") = "HXCSessionServiceWinService", "HXCSessionServiceWinService\HXCSessionServiceWinService.csproj", "{9DA26A71-DE32-4796-B718-BA356011A79F}"
EndProject
Project("{FAE04EC0-301F-11D3-BF4B-00C04F79EFBC}") = "CloudPlatSocket", "CloudPlatSocket\CloudPlatSocket.csproj", "{9B3A3AAF-92DB-4656-AC4B-3AECC7FF1FD8}"
EndProject
Project("{FAE04EC0-301F-11D3-BF4B-00C04F79EFBC}") = "yuTongWebService", "yuTongWebService\yuTongWebService.csproj", "{8F8A0F36-F0DC-4E32-9D73-FD89B8FB19D6}"
EndProject
Project("{FAE04EC0-301F-11D3-BF4B-00C04F79EFBC}") = "WcfServiceProxy", "WcfServiceProxy\WcfServiceProxy.csproj", "{83F49F96-EF43-408C-ABBF-948FBC6F327E}"
EndProject
Global
	GlobalSection(SolutionConfigurationPlatforms) = preSolution
		Debug|Any CPU = Debug|Any CPU
		Debug|Mixed Platforms = Debug|Mixed Platforms
		Debug|x86 = Debug|x86
		Release|Any CPU = Release|Any CPU
		Release|Mixed Platforms = Release|Mixed Platforms
		Release|x86 = Release|x86
	EndGlobalSection
	GlobalSection(ProjectConfigurationPlatforms) = postSolution
		{50310112-C80E-44F6-80A0-F23DCE1017E5}.Debug|Any CPU.ActiveCfg = Debug|Any CPU
		{50310112-C80E-44F6-80A0-F23DCE1017E5}.Debug|Any CPU.Build.0 = Debug|Any CPU
		{50310112-C80E-44F6-80A0-F23DCE1017E5}.Debug|Mixed Platforms.ActiveCfg = Debug|Any CPU
		{50310112-C80E-44F6-80A0-F23DCE1017E5}.Debug|Mixed Platforms.Build.0 = Debug|Any CPU
		{50310112-C80E-44F6-80A0-F23DCE1017E5}.Debug|x86.ActiveCfg = Debug|Any CPU
		{50310112-C80E-44F6-80A0-F23DCE1017E5}.Release|Any CPU.ActiveCfg = Release|Any CPU
		{50310112-C80E-44F6-80A0-F23DCE1017E5}.Release|Any CPU.Build.0 = Release|Any CPU
		{50310112-C80E-44F6-80A0-F23DCE1017E5}.Release|Mixed Platforms.ActiveCfg = Release|Any CPU
		{50310112-C80E-44F6-80A0-F23DCE1017E5}.Release|Mixed Platforms.Build.0 = Release|Any CPU
		{50310112-C80E-44F6-80A0-F23DCE1017E5}.Release|x86.ActiveCfg = Release|x86
		{50310112-C80E-44F6-80A0-F23DCE1017E5}.Release|x86.Build.0 = Release|x86
		{9241B977-6055-4CE7-BEF1-A8A1D6594C7A}.Debug|Any CPU.ActiveCfg = Debug|Any CPU
		{9241B977-6055-4CE7-BEF1-A8A1D6594C7A}.Debug|Any CPU.Build.0 = Debug|Any CPU
		{9241B977-6055-4CE7-BEF1-A8A1D6594C7A}.Debug|Mixed Platforms.ActiveCfg = Debug|Any CPU
		{9241B977-6055-4CE7-BEF1-A8A1D6594C7A}.Debug|Mixed Platforms.Build.0 = Debug|Any CPU
		{9241B977-6055-4CE7-BEF1-A8A1D6594C7A}.Debug|x86.ActiveCfg = Debug|Any CPU
		{9241B977-6055-4CE7-BEF1-A8A1D6594C7A}.Release|Any CPU.ActiveCfg = Release|Any CPU
		{9241B977-6055-4CE7-BEF1-A8A1D6594C7A}.Release|Any CPU.Build.0 = Release|Any CPU
		{9241B977-6055-4CE7-BEF1-A8A1D6594C7A}.Release|Mixed Platforms.ActiveCfg = Release|Any CPU
		{9241B977-6055-4CE7-BEF1-A8A1D6594C7A}.Release|Mixed Platforms.Build.0 = Release|Any CPU
		{9241B977-6055-4CE7-BEF1-A8A1D6594C7A}.Release|x86.ActiveCfg = Release|x86
		{9241B977-6055-4CE7-BEF1-A8A1D6594C7A}.Release|x86.Build.0 = Release|x86
		{ECC81AD5-7E16-464E-9060-6DEA47FDFD3B}.Debug|Any CPU.ActiveCfg = Debug|x86
		{ECC81AD5-7E16-464E-9060-6DEA47FDFD3B}.Debug|Mixed Platforms.ActiveCfg = Debug|x86
		{ECC81AD5-7E16-464E-9060-6DEA47FDFD3B}.Debug|Mixed Platforms.Build.0 = Debug|x86
		{ECC81AD5-7E16-464E-9060-6DEA47FDFD3B}.Debug|x86.ActiveCfg = Debug|x86
		{ECC81AD5-7E16-464E-9060-6DEA47FDFD3B}.Debug|x86.Build.0 = Debug|x86
		{ECC81AD5-7E16-464E-9060-6DEA47FDFD3B}.Release|Any CPU.ActiveCfg = Debug|x86
		{ECC81AD5-7E16-464E-9060-6DEA47FDFD3B}.Release|Mixed Platforms.ActiveCfg = Debug|x86
		{ECC81AD5-7E16-464E-9060-6DEA47FDFD3B}.Release|Mixed Platforms.Build.0 = Debug|x86
		{ECC81AD5-7E16-464E-9060-6DEA47FDFD3B}.Release|x86.ActiveCfg = Debug|x86
		{ECC81AD5-7E16-464E-9060-6DEA47FDFD3B}.Release|x86.Build.0 = Debug|x86
		{E43F73EA-2EE6-4848-ACA8-35B73462789F}.Debug|Any CPU.ActiveCfg = Debug|Any CPU
		{E43F73EA-2EE6-4848-ACA8-35B73462789F}.Debug|Any CPU.Build.0 = Debug|Any CPU
		{E43F73EA-2EE6-4848-ACA8-35B73462789F}.Debug|Mixed Platforms.ActiveCfg = Debug|Any CPU
		{E43F73EA-2EE6-4848-ACA8-35B73462789F}.Debug|Mixed Platforms.Build.0 = Debug|Any CPU
		{E43F73EA-2EE6-4848-ACA8-35B73462789F}.Debug|x86.ActiveCfg = Debug|Any CPU
		{E43F73EA-2EE6-4848-ACA8-35B73462789F}.Release|Any CPU.ActiveCfg = Release|Any CPU
		{E43F73EA-2EE6-4848-ACA8-35B73462789F}.Release|Any CPU.Build.0 = Release|Any CPU
		{E43F73EA-2EE6-4848-ACA8-35B73462789F}.Release|Mixed Platforms.ActiveCfg = Release|Any CPU
		{E43F73EA-2EE6-4848-ACA8-35B73462789F}.Release|Mixed Platforms.Build.0 = Release|Any CPU
		{E43F73EA-2EE6-4848-ACA8-35B73462789F}.Release|x86.ActiveCfg = Release|x86
		{E43F73EA-2EE6-4848-ACA8-35B73462789F}.Release|x86.Build.0 = Release|x86
		{6963378E-295E-461C-A69A-D6A3142AFF61}.Debug|Any CPU.ActiveCfg = Debug|Any CPU
		{6963378E-295E-461C-A69A-D6A3142AFF61}.Debug|Any CPU.Build.0 = Debug|Any CPU
		{6963378E-295E-461C-A69A-D6A3142AFF61}.Debug|Mixed Platforms.ActiveCfg = Debug|Any CPU
		{6963378E-295E-461C-A69A-D6A3142AFF61}.Debug|Mixed Platforms.Build.0 = Debug|Any CPU
		{6963378E-295E-461C-A69A-D6A3142AFF61}.Debug|x86.ActiveCfg = Debug|Any CPU
		{6963378E-295E-461C-A69A-D6A3142AFF61}.Release|Any CPU.ActiveCfg = Release|Any CPU
		{6963378E-295E-461C-A69A-D6A3142AFF61}.Release|Any CPU.Build.0 = Release|Any CPU
		{6963378E-295E-461C-A69A-D6A3142AFF61}.Release|Mixed Platforms.ActiveCfg = Release|Any CPU
		{6963378E-295E-461C-A69A-D6A3142AFF61}.Release|Mixed Platforms.Build.0 = Release|Any CPU
		{6963378E-295E-461C-A69A-D6A3142AFF61}.Release|x86.ActiveCfg = Release|x86
		{6963378E-295E-461C-A69A-D6A3142AFF61}.Release|x86.Build.0 = Release|x86
		{50D0A243-CB00-4B2E-BBD7-4628E8C4A440}.Debug|Any CPU.ActiveCfg = Debug|Any CPU
		{50D0A243-CB00-4B2E-BBD7-4628E8C4A440}.Debug|Any CPU.Build.0 = Debug|Any CPU
		{50D0A243-CB00-4B2E-BBD7-4628E8C4A440}.Debug|Mixed Platforms.ActiveCfg = Debug|Any CPU
		{50D0A243-CB00-4B2E-BBD7-4628E8C4A440}.Debug|Mixed Platforms.Build.0 = Debug|Any CPU
		{50D0A243-CB00-4B2E-BBD7-4628E8C4A440}.Debug|x86.ActiveCfg = Debug|Any CPU
		{50D0A243-CB00-4B2E-BBD7-4628E8C4A440}.Release|Any CPU.ActiveCfg = Release|Any CPU
		{50D0A243-CB00-4B2E-BBD7-4628E8C4A440}.Release|Any CPU.Build.0 = Release|Any CPU
		{50D0A243-CB00-4B2E-BBD7-4628E8C4A440}.Release|Mixed Platforms.ActiveCfg = Release|Any CPU
		{50D0A243-CB00-4B2E-BBD7-4628E8C4A440}.Release|Mixed Platforms.Build.0 = Release|Any CPU
		{50D0A243-CB00-4B2E-BBD7-4628E8C4A440}.Release|x86.ActiveCfg = Release|x86
		{50D0A243-CB00-4B2E-BBD7-4628E8C4A440}.Release|x86.Build.0 = Release|x86
		{0EBFB67B-045C-4FDA-BE05-1DA82AB0AD06}.Debug|Any CPU.ActiveCfg = Debug|Any CPU
		{0EBFB67B-045C-4FDA-BE05-1DA82AB0AD06}.Debug|Any CPU.Build.0 = Debug|Any CPU
		{0EBFB67B-045C-4FDA-BE05-1DA82AB0AD06}.Debug|Mixed Platforms.ActiveCfg = Debug|Any CPU
		{0EBFB67B-045C-4FDA-BE05-1DA82AB0AD06}.Debug|Mixed Platforms.Build.0 = Debug|Any CPU
		{0EBFB67B-045C-4FDA-BE05-1DA82AB0AD06}.Debug|x86.ActiveCfg = Debug|Any CPU
		{0EBFB67B-045C-4FDA-BE05-1DA82AB0AD06}.Release|Any CPU.ActiveCfg = Release|Any CPU
		{0EBFB67B-045C-4FDA-BE05-1DA82AB0AD06}.Release|Any CPU.Build.0 = Release|Any CPU
		{0EBFB67B-045C-4FDA-BE05-1DA82AB0AD06}.Release|Mixed Platforms.ActiveCfg = Release|Any CPU
		{0EBFB67B-045C-4FDA-BE05-1DA82AB0AD06}.Release|Mixed Platforms.Build.0 = Release|Any CPU
		{0EBFB67B-045C-4FDA-BE05-1DA82AB0AD06}.Release|x86.ActiveCfg = Release|x86
		{0EBFB67B-045C-4FDA-BE05-1DA82AB0AD06}.Release|x86.Build.0 = Release|x86
		{361D0EB7-15E9-47DD-8C48-6E579FF49D6C}.Debug|Any CPU.ActiveCfg = Debug|Any CPU
		{361D0EB7-15E9-47DD-8C48-6E579FF49D6C}.Debug|Any CPU.Build.0 = Debug|Any CPU
		{361D0EB7-15E9-47DD-8C48-6E579FF49D6C}.Debug|Mixed Platforms.ActiveCfg = Debug|Any CPU
		{361D0EB7-15E9-47DD-8C48-6E579FF49D6C}.Debug|Mixed Platforms.Build.0 = Debug|Any CPU
		{361D0EB7-15E9-47DD-8C48-6E579FF49D6C}.Debug|x86.ActiveCfg = Debug|Any CPU
		{361D0EB7-15E9-47DD-8C48-6E579FF49D6C}.Release|Any CPU.ActiveCfg = Release|Any CPU
		{361D0EB7-15E9-47DD-8C48-6E579FF49D6C}.Release|Any CPU.Build.0 = Release|Any CPU
		{361D0EB7-15E9-47DD-8C48-6E579FF49D6C}.Release|Mixed Platforms.ActiveCfg = Release|Any CPU
		{361D0EB7-15E9-47DD-8C48-6E579FF49D6C}.Release|Mixed Platforms.Build.0 = Release|Any CPU
		{361D0EB7-15E9-47DD-8C48-6E579FF49D6C}.Release|x86.ActiveCfg = Release|x86
		{361D0EB7-15E9-47DD-8C48-6E579FF49D6C}.Release|x86.Build.0 = Release|x86
		{57B9B55C-D329-44AE-8E46-99F7C86970A0}.Debug|Any CPU.ActiveCfg = Debug|Any CPU
		{57B9B55C-D329-44AE-8E46-99F7C86970A0}.Debug|Any CPU.Build.0 = Debug|Any CPU
		{57B9B55C-D329-44AE-8E46-99F7C86970A0}.Debug|Mixed Platforms.ActiveCfg = Debug|Any CPU
		{57B9B55C-D329-44AE-8E46-99F7C86970A0}.Debug|Mixed Platforms.Build.0 = Debug|Any CPU
		{57B9B55C-D329-44AE-8E46-99F7C86970A0}.Debug|x86.ActiveCfg = Debug|Any CPU
		{57B9B55C-D329-44AE-8E46-99F7C86970A0}.Release|Any CPU.ActiveCfg = Release|Any CPU
		{57B9B55C-D329-44AE-8E46-99F7C86970A0}.Release|Any CPU.Build.0 = Release|Any CPU
		{57B9B55C-D329-44AE-8E46-99F7C86970A0}.Release|Mixed Platforms.ActiveCfg = Release|Any CPU
		{57B9B55C-D329-44AE-8E46-99F7C86970A0}.Release|Mixed Platforms.Build.0 = Release|Any CPU
		{57B9B55C-D329-44AE-8E46-99F7C86970A0}.Release|x86.ActiveCfg = Release|x86
		{57B9B55C-D329-44AE-8E46-99F7C86970A0}.Release|x86.Build.0 = Release|x86
		{EA55EDA6-2000-42B7-9887-D341E707C561}.Debug|Any CPU.ActiveCfg = Debug|Any CPU
		{EA55EDA6-2000-42B7-9887-D341E707C561}.Debug|Any CPU.Build.0 = Debug|Any CPU
		{EA55EDA6-2000-42B7-9887-D341E707C561}.Debug|Mixed Platforms.ActiveCfg = Debug|Any CPU
		{EA55EDA6-2000-42B7-9887-D341E707C561}.Debug|Mixed Platforms.Build.0 = Debug|Any CPU
		{EA55EDA6-2000-42B7-9887-D341E707C561}.Debug|x86.ActiveCfg = Debug|Any CPU
		{EA55EDA6-2000-42B7-9887-D341E707C561}.Release|Any CPU.ActiveCfg = Release|Any CPU
		{EA55EDA6-2000-42B7-9887-D341E707C561}.Release|Any CPU.Build.0 = Release|Any CPU
		{EA55EDA6-2000-42B7-9887-D341E707C561}.Release|Mixed Platforms.ActiveCfg = Release|Any CPU
		{EA55EDA6-2000-42B7-9887-D341E707C561}.Release|Mixed Platforms.Build.0 = Release|Any CPU
		{EA55EDA6-2000-42B7-9887-D341E707C561}.Release|x86.ActiveCfg = Release|x86
		{EA55EDA6-2000-42B7-9887-D341E707C561}.Release|x86.Build.0 = Release|x86
		{E9BA691A-C32C-4D9C-9280-9C6A612C286E}.Debug|Any CPU.ActiveCfg = Debug|Any CPU
		{E9BA691A-C32C-4D9C-9280-9C6A612C286E}.Debug|Any CPU.Build.0 = Debug|Any CPU
		{E9BA691A-C32C-4D9C-9280-9C6A612C286E}.Debug|Mixed Platforms.ActiveCfg = Debug|Any CPU
		{E9BA691A-C32C-4D9C-9280-9C6A612C286E}.Debug|Mixed Platforms.Build.0 = Debug|Any CPU
		{E9BA691A-C32C-4D9C-9280-9C6A612C286E}.Debug|x86.ActiveCfg = Debug|Any CPU
		{E9BA691A-C32C-4D9C-9280-9C6A612C286E}.Release|Any CPU.ActiveCfg = Release|Any CPU
		{E9BA691A-C32C-4D9C-9280-9C6A612C286E}.Release|Any CPU.Build.0 = Release|Any CPU
		{E9BA691A-C32C-4D9C-9280-9C6A612C286E}.Release|Mixed Platforms.ActiveCfg = Release|Any CPU
		{E9BA691A-C32C-4D9C-9280-9C6A612C286E}.Release|Mixed Platforms.Build.0 = Release|Any CPU
		{E9BA691A-C32C-4D9C-9280-9C6A612C286E}.Release|x86.ActiveCfg = Release|x86
		{E9BA691A-C32C-4D9C-9280-9C6A612C286E}.Release|x86.Build.0 = Release|x86
		{C82568A7-143C-488B-AE12-61F15CF69A80}.Debug|Any CPU.ActiveCfg = Debug|Any CPU
		{C82568A7-143C-488B-AE12-61F15CF69A80}.Debug|Any CPU.Build.0 = Debug|Any CPU
		{C82568A7-143C-488B-AE12-61F15CF69A80}.Debug|Mixed Platforms.ActiveCfg = Debug|Any CPU
		{C82568A7-143C-488B-AE12-61F15CF69A80}.Debug|Mixed Platforms.Build.0 = Debug|Any CPU
		{C82568A7-143C-488B-AE12-61F15CF69A80}.Debug|x86.ActiveCfg = Debug|Any CPU
		{C82568A7-143C-488B-AE12-61F15CF69A80}.Release|Any CPU.ActiveCfg = Release|Any CPU
		{C82568A7-143C-488B-AE12-61F15CF69A80}.Release|Any CPU.Build.0 = Release|Any CPU
		{C82568A7-143C-488B-AE12-61F15CF69A80}.Release|Mixed Platforms.ActiveCfg = Release|Any CPU
		{C82568A7-143C-488B-AE12-61F15CF69A80}.Release|Mixed Platforms.Build.0 = Release|Any CPU
		{C82568A7-143C-488B-AE12-61F15CF69A80}.Release|x86.ActiveCfg = Release|x86
		{C82568A7-143C-488B-AE12-61F15CF69A80}.Release|x86.Build.0 = Release|x86
		{E3F10FEF-C8E4-450F-B20D-5A11A5486FF1}.Debug|Any CPU.ActiveCfg = Debug|Any CPU
		{E3F10FEF-C8E4-450F-B20D-5A11A5486FF1}.Debug|Any CPU.Build.0 = Debug|Any CPU
		{E3F10FEF-C8E4-450F-B20D-5A11A5486FF1}.Debug|Mixed Platforms.ActiveCfg = Debug|Any CPU
		{E3F10FEF-C8E4-450F-B20D-5A11A5486FF1}.Debug|Mixed Platforms.Build.0 = Debug|Any CPU
		{E3F10FEF-C8E4-450F-B20D-5A11A5486FF1}.Debug|x86.ActiveCfg = Debug|Any CPU
		{E3F10FEF-C8E4-450F-B20D-5A11A5486FF1}.Release|Any CPU.ActiveCfg = Release|Any CPU
		{E3F10FEF-C8E4-450F-B20D-5A11A5486FF1}.Release|Any CPU.Build.0 = Release|Any CPU
		{E3F10FEF-C8E4-450F-B20D-5A11A5486FF1}.Release|Mixed Platforms.ActiveCfg = Release|Any CPU
		{E3F10FEF-C8E4-450F-B20D-5A11A5486FF1}.Release|Mixed Platforms.Build.0 = Release|Any CPU
		{E3F10FEF-C8E4-450F-B20D-5A11A5486FF1}.Release|x86.ActiveCfg = Release|x86
		{E3F10FEF-C8E4-450F-B20D-5A11A5486FF1}.Release|x86.Build.0 = Release|x86
		{8F4631CC-B096-4577-B324-113976AB0DD8}.Debug|Any CPU.ActiveCfg = Debug|Any CPU
		{8F4631CC-B096-4577-B324-113976AB0DD8}.Debug|Any CPU.Build.0 = Debug|Any CPU
		{8F4631CC-B096-4577-B324-113976AB0DD8}.Debug|Mixed Platforms.ActiveCfg = Debug|Any CPU
		{8F4631CC-B096-4577-B324-113976AB0DD8}.Debug|Mixed Platforms.Build.0 = Debug|Any CPU
		{8F4631CC-B096-4577-B324-113976AB0DD8}.Debug|x86.ActiveCfg = Debug|Any CPU
		{8F4631CC-B096-4577-B324-113976AB0DD8}.Release|Any CPU.ActiveCfg = Release|Any CPU
		{8F4631CC-B096-4577-B324-113976AB0DD8}.Release|Any CPU.Build.0 = Release|Any CPU
		{8F4631CC-B096-4577-B324-113976AB0DD8}.Release|Mixed Platforms.ActiveCfg = Release|Any CPU
		{8F4631CC-B096-4577-B324-113976AB0DD8}.Release|Mixed Platforms.Build.0 = Release|Any CPU
		{8F4631CC-B096-4577-B324-113976AB0DD8}.Release|x86.ActiveCfg = Release|x86
		{8F4631CC-B096-4577-B324-113976AB0DD8}.Release|x86.Build.0 = Release|x86
		{115F0BBB-AE9E-467B-A76B-0103B3978490}.Debug|Any CPU.ActiveCfg = Debug|Any CPU
		{115F0BBB-AE9E-467B-A76B-0103B3978490}.Debug|Any CPU.Build.0 = Debug|Any CPU
		{115F0BBB-AE9E-467B-A76B-0103B3978490}.Debug|Mixed Platforms.ActiveCfg = Debug|Any CPU
		{115F0BBB-AE9E-467B-A76B-0103B3978490}.Debug|Mixed Platforms.Build.0 = Debug|Any CPU
		{115F0BBB-AE9E-467B-A76B-0103B3978490}.Debug|x86.ActiveCfg = Debug|Any CPU
		{115F0BBB-AE9E-467B-A76B-0103B3978490}.Release|Any CPU.ActiveCfg = Release|Any CPU
		{115F0BBB-AE9E-467B-A76B-0103B3978490}.Release|Any CPU.Build.0 = Release|Any CPU
		{115F0BBB-AE9E-467B-A76B-0103B3978490}.Release|Mixed Platforms.ActiveCfg = Release|Any CPU
		{115F0BBB-AE9E-467B-A76B-0103B3978490}.Release|Mixed Platforms.Build.0 = Release|Any CPU
		{115F0BBB-AE9E-467B-A76B-0103B3978490}.Release|x86.ActiveCfg = Release|x86
		{115F0BBB-AE9E-467B-A76B-0103B3978490}.Release|x86.Build.0 = Release|x86
		{13EA3CF8-8522-45CB-B3CB-5EB9427C2326}.Debug|Any CPU.ActiveCfg = Debug|Any CPU
		{13EA3CF8-8522-45CB-B3CB-5EB9427C2326}.Debug|Any CPU.Build.0 = Debug|Any CPU
		{13EA3CF8-8522-45CB-B3CB-5EB9427C2326}.Debug|Mixed Platforms.ActiveCfg = Debug|Any CPU
		{13EA3CF8-8522-45CB-B3CB-5EB9427C2326}.Debug|Mixed Platforms.Build.0 = Debug|Any CPU
		{13EA3CF8-8522-45CB-B3CB-5EB9427C2326}.Debug|x86.ActiveCfg = Debug|Any CPU
		{13EA3CF8-8522-45CB-B3CB-5EB9427C2326}.Release|Any CPU.ActiveCfg = Release|Any CPU
		{13EA3CF8-8522-45CB-B3CB-5EB9427C2326}.Release|Any CPU.Build.0 = Release|Any CPU
		{13EA3CF8-8522-45CB-B3CB-5EB9427C2326}.Release|Mixed Platforms.ActiveCfg = Release|Any CPU
		{13EA3CF8-8522-45CB-B3CB-5EB9427C2326}.Release|Mixed Platforms.Build.0 = Release|Any CPU
		{13EA3CF8-8522-45CB-B3CB-5EB9427C2326}.Release|x86.ActiveCfg = Release|x86
		{13EA3CF8-8522-45CB-B3CB-5EB9427C2326}.Release|x86.Build.0 = Release|x86
		{7ED81194-3119-4BEB-AFFB-627614075F50}.Debug|Any CPU.ActiveCfg = Debug|Any CPU
		{7ED81194-3119-4BEB-AFFB-627614075F50}.Debug|Any CPU.Build.0 = Debug|Any CPU
		{7ED81194-3119-4BEB-AFFB-627614075F50}.Debug|Mixed Platforms.ActiveCfg = Debug|Any CPU
		{7ED81194-3119-4BEB-AFFB-627614075F50}.Debug|Mixed Platforms.Build.0 = Debug|Any CPU
		{7ED81194-3119-4BEB-AFFB-627614075F50}.Debug|x86.ActiveCfg = Debug|Any CPU
		{7ED81194-3119-4BEB-AFFB-627614075F50}.Release|Any CPU.ActiveCfg = Release|Any CPU
		{7ED81194-3119-4BEB-AFFB-627614075F50}.Release|Any CPU.Build.0 = Release|Any CPU
		{7ED81194-3119-4BEB-AFFB-627614075F50}.Release|Mixed Platforms.ActiveCfg = Release|Any CPU
		{7ED81194-3119-4BEB-AFFB-627614075F50}.Release|Mixed Platforms.Build.0 = Release|Any CPU
		{7ED81194-3119-4BEB-AFFB-627614075F50}.Release|x86.ActiveCfg = Release|x86
		{7ED81194-3119-4BEB-AFFB-627614075F50}.Release|x86.Build.0 = Release|x86
		{3D2E6532-176C-4FDC-858F-0D46066B64E6}.Debug|Any CPU.ActiveCfg = Debug|Any CPU
		{3D2E6532-176C-4FDC-858F-0D46066B64E6}.Debug|Any CPU.Build.0 = Debug|Any CPU
		{3D2E6532-176C-4FDC-858F-0D46066B64E6}.Debug|Mixed Platforms.ActiveCfg = Debug|Any CPU
		{3D2E6532-176C-4FDC-858F-0D46066B64E6}.Debug|Mixed Platforms.Build.0 = Debug|Any CPU
		{3D2E6532-176C-4FDC-858F-0D46066B64E6}.Debug|x86.ActiveCfg = Debug|Any CPU
		{3D2E6532-176C-4FDC-858F-0D46066B64E6}.Release|Any CPU.ActiveCfg = Release|Any CPU
		{3D2E6532-176C-4FDC-858F-0D46066B64E6}.Release|Any CPU.Build.0 = Release|Any CPU
		{3D2E6532-176C-4FDC-858F-0D46066B64E6}.Release|Mixed Platforms.ActiveCfg = Release|Any CPU
		{3D2E6532-176C-4FDC-858F-0D46066B64E6}.Release|Mixed Platforms.Build.0 = Release|Any CPU
		{3D2E6532-176C-4FDC-858F-0D46066B64E6}.Release|x86.ActiveCfg = Release|x86
		{3D2E6532-176C-4FDC-858F-0D46066B64E6}.Release|x86.Build.0 = Release|x86
		{2C218F81-1C42-475D-A448-84980264707C}.Debug|Any CPU.ActiveCfg = Debug|Any CPU
		{2C218F81-1C42-475D-A448-84980264707C}.Debug|Any CPU.Build.0 = Debug|Any CPU
		{2C218F81-1C42-475D-A448-84980264707C}.Debug|Mixed Platforms.ActiveCfg = Debug|Any CPU
		{2C218F81-1C42-475D-A448-84980264707C}.Debug|Mixed Platforms.Build.0 = Debug|Any CPU
		{2C218F81-1C42-475D-A448-84980264707C}.Debug|x86.ActiveCfg = Debug|Any CPU
		{2C218F81-1C42-475D-A448-84980264707C}.Release|Any CPU.ActiveCfg = Release|Any CPU
		{2C218F81-1C42-475D-A448-84980264707C}.Release|Any CPU.Build.0 = Release|Any CPU
		{2C218F81-1C42-475D-A448-84980264707C}.Release|Mixed Platforms.ActiveCfg = Release|Any CPU
		{2C218F81-1C42-475D-A448-84980264707C}.Release|Mixed Platforms.Build.0 = Release|Any CPU
		{2C218F81-1C42-475D-A448-84980264707C}.Release|x86.ActiveCfg = Release|x86
		{2C218F81-1C42-475D-A448-84980264707C}.Release|x86.Build.0 = Release|x86
		{56BCFAC0-C3A4-4546-BD08-55A4DFF071EF}.Debug|Any CPU.ActiveCfg = Debug|Any CPU
		{56BCFAC0-C3A4-4546-BD08-55A4DFF071EF}.Debug|Any CPU.Build.0 = Debug|Any CPU
		{56BCFAC0-C3A4-4546-BD08-55A4DFF071EF}.Debug|Mixed Platforms.ActiveCfg = Debug|Any CPU
		{56BCFAC0-C3A4-4546-BD08-55A4DFF071EF}.Debug|Mixed Platforms.Build.0 = Debug|Any CPU
		{56BCFAC0-C3A4-4546-BD08-55A4DFF071EF}.Debug|x86.ActiveCfg = Debug|Any CPU
		{56BCFAC0-C3A4-4546-BD08-55A4DFF071EF}.Release|Any CPU.ActiveCfg = Release|Any CPU
		{56BCFAC0-C3A4-4546-BD08-55A4DFF071EF}.Release|Any CPU.Build.0 = Release|Any CPU
		{56BCFAC0-C3A4-4546-BD08-55A4DFF071EF}.Release|Mixed Platforms.ActiveCfg = Release|Any CPU
		{56BCFAC0-C3A4-4546-BD08-55A4DFF071EF}.Release|Mixed Platforms.Build.0 = Release|Any CPU
		{56BCFAC0-C3A4-4546-BD08-55A4DFF071EF}.Release|x86.ActiveCfg = Release|x86
		{56BCFAC0-C3A4-4546-BD08-55A4DFF071EF}.Release|x86.Build.0 = Release|x86
		{6316F0D2-B9B7-4FD8-8AB5-76D9C7F14091}.Debug|Any CPU.ActiveCfg = Debug|Any CPU
		{6316F0D2-B9B7-4FD8-8AB5-76D9C7F14091}.Debug|Any CPU.Build.0 = Debug|Any CPU
		{6316F0D2-B9B7-4FD8-8AB5-76D9C7F14091}.Debug|Mixed Platforms.ActiveCfg = Debug|Any CPU
		{6316F0D2-B9B7-4FD8-8AB5-76D9C7F14091}.Debug|Mixed Platforms.Build.0 = Debug|Any CPU
		{6316F0D2-B9B7-4FD8-8AB5-76D9C7F14091}.Debug|x86.ActiveCfg = Debug|Any CPU
		{6316F0D2-B9B7-4FD8-8AB5-76D9C7F14091}.Release|Any CPU.ActiveCfg = Release|Any CPU
		{6316F0D2-B9B7-4FD8-8AB5-76D9C7F14091}.Release|Any CPU.Build.0 = Release|Any CPU
		{6316F0D2-B9B7-4FD8-8AB5-76D9C7F14091}.Release|Mixed Platforms.ActiveCfg = Release|Any CPU
		{6316F0D2-B9B7-4FD8-8AB5-76D9C7F14091}.Release|Mixed Platforms.Build.0 = Release|Any CPU
		{6316F0D2-B9B7-4FD8-8AB5-76D9C7F14091}.Release|x86.ActiveCfg = Release|x86
		{6316F0D2-B9B7-4FD8-8AB5-76D9C7F14091}.Release|x86.Build.0 = Release|x86
		{239A78C2-A651-4DA7-AEDA-D21719A42534}.Debug|Any CPU.ActiveCfg = Debug|Any CPU
		{239A78C2-A651-4DA7-AEDA-D21719A42534}.Debug|Any CPU.Build.0 = Debug|Any CPU
		{239A78C2-A651-4DA7-AEDA-D21719A42534}.Debug|Mixed Platforms.ActiveCfg = Debug|Any CPU
		{239A78C2-A651-4DA7-AEDA-D21719A42534}.Debug|Mixed Platforms.Build.0 = Debug|Any CPU
		{239A78C2-A651-4DA7-AEDA-D21719A42534}.Debug|x86.ActiveCfg = Debug|Any CPU
		{239A78C2-A651-4DA7-AEDA-D21719A42534}.Release|Any CPU.ActiveCfg = Release|Any CPU
		{239A78C2-A651-4DA7-AEDA-D21719A42534}.Release|Any CPU.Build.0 = Release|Any CPU
		{239A78C2-A651-4DA7-AEDA-D21719A42534}.Release|Mixed Platforms.ActiveCfg = Release|Any CPU
		{239A78C2-A651-4DA7-AEDA-D21719A42534}.Release|Mixed Platforms.Build.0 = Release|Any CPU
		{239A78C2-A651-4DA7-AEDA-D21719A42534}.Release|x86.ActiveCfg = Release|x86
		{239A78C2-A651-4DA7-AEDA-D21719A42534}.Release|x86.Build.0 = Release|x86
		{C6935933-2E15-4A3F-B8C4-BFA403F1E864}.Debug|Any CPU.ActiveCfg = Debug|Any CPU
		{C6935933-2E15-4A3F-B8C4-BFA403F1E864}.Debug|Any CPU.Build.0 = Debug|Any CPU
		{C6935933-2E15-4A3F-B8C4-BFA403F1E864}.Debug|Mixed Platforms.ActiveCfg = Debug|Any CPU
		{C6935933-2E15-4A3F-B8C4-BFA403F1E864}.Debug|Mixed Platforms.Build.0 = Debug|Any CPU
		{C6935933-2E15-4A3F-B8C4-BFA403F1E864}.Debug|x86.ActiveCfg = Debug|Any CPU
		{C6935933-2E15-4A3F-B8C4-BFA403F1E864}.Release|Any CPU.ActiveCfg = Release|Any CPU
		{C6935933-2E15-4A3F-B8C4-BFA403F1E864}.Release|Any CPU.Build.0 = Release|Any CPU
		{C6935933-2E15-4A3F-B8C4-BFA403F1E864}.Release|Mixed Platforms.ActiveCfg = Release|Any CPU
		{C6935933-2E15-4A3F-B8C4-BFA403F1E864}.Release|Mixed Platforms.Build.0 = Release|Any CPU
		{C6935933-2E15-4A3F-B8C4-BFA403F1E864}.Release|x86.ActiveCfg = Release|x86
		{C6935933-2E15-4A3F-B8C4-BFA403F1E864}.Release|x86.Build.0 = Release|x86
		{0619C4A3-6C09-4550-840F-4FCC5913B839}.Debug|Any CPU.ActiveCfg = Debug|Any CPU
		{0619C4A3-6C09-4550-840F-4FCC5913B839}.Debug|Any CPU.Build.0 = Debug|Any CPU
		{0619C4A3-6C09-4550-840F-4FCC5913B839}.Debug|Mixed Platforms.ActiveCfg = Debug|Any CPU
		{0619C4A3-6C09-4550-840F-4FCC5913B839}.Debug|Mixed Platforms.Build.0 = Debug|Any CPU
		{0619C4A3-6C09-4550-840F-4FCC5913B839}.Debug|x86.ActiveCfg = Debug|Any CPU
		{0619C4A3-6C09-4550-840F-4FCC5913B839}.Release|Any CPU.ActiveCfg = Release|Any CPU
		{0619C4A3-6C09-4550-840F-4FCC5913B839}.Release|Any CPU.Build.0 = Release|Any CPU
		{0619C4A3-6C09-4550-840F-4FCC5913B839}.Release|Mixed Platforms.ActiveCfg = Release|Any CPU
		{0619C4A3-6C09-4550-840F-4FCC5913B839}.Release|Mixed Platforms.Build.0 = Release|Any CPU
		{0619C4A3-6C09-4550-840F-4FCC5913B839}.Release|x86.ActiveCfg = Release|x86
		{0619C4A3-6C09-4550-840F-4FCC5913B839}.Release|x86.Build.0 = Release|x86
		{9E2D45C4-B0BC-4B90-8C44-ED5D70F6BAB9}.Debug|Any CPU.ActiveCfg = Debug|Any CPU
		{9E2D45C4-B0BC-4B90-8C44-ED5D70F6BAB9}.Debug|Any CPU.Build.0 = Debug|Any CPU
		{9E2D45C4-B0BC-4B90-8C44-ED5D70F6BAB9}.Debug|Mixed Platforms.ActiveCfg = Debug|Any CPU
		{9E2D45C4-B0BC-4B90-8C44-ED5D70F6BAB9}.Debug|Mixed Platforms.Build.0 = Debug|Any CPU
		{9E2D45C4-B0BC-4B90-8C44-ED5D70F6BAB9}.Debug|x86.ActiveCfg = Debug|Any CPU
		{9E2D45C4-B0BC-4B90-8C44-ED5D70F6BAB9}.Release|Any CPU.ActiveCfg = Release|Any CPU
		{9E2D45C4-B0BC-4B90-8C44-ED5D70F6BAB9}.Release|Any CPU.Build.0 = Release|Any CPU
		{9E2D45C4-B0BC-4B90-8C44-ED5D70F6BAB9}.Release|Mixed Platforms.ActiveCfg = Release|Any CPU
		{9E2D45C4-B0BC-4B90-8C44-ED5D70F6BAB9}.Release|Mixed Platforms.Build.0 = Release|Any CPU
		{9E2D45C4-B0BC-4B90-8C44-ED5D70F6BAB9}.Release|x86.ActiveCfg = Release|x86
		{9E2D45C4-B0BC-4B90-8C44-ED5D70F6BAB9}.Release|x86.Build.0 = Release|x86
		{842D8CE2-E85C-45FF-8AC6-765071CFEBBC}.Debug|Any CPU.ActiveCfg = Debug|Any CPU
		{842D8CE2-E85C-45FF-8AC6-765071CFEBBC}.Debug|Any CPU.Build.0 = Debug|Any CPU
		{842D8CE2-E85C-45FF-8AC6-765071CFEBBC}.Debug|Mixed Platforms.ActiveCfg = Debug|Any CPU
		{842D8CE2-E85C-45FF-8AC6-765071CFEBBC}.Debug|Mixed Platforms.Build.0 = Debug|Any CPU
		{842D8CE2-E85C-45FF-8AC6-765071CFEBBC}.Debug|x86.ActiveCfg = Debug|Any CPU
		{842D8CE2-E85C-45FF-8AC6-765071CFEBBC}.Release|Any CPU.ActiveCfg = Release|Any CPU
		{842D8CE2-E85C-45FF-8AC6-765071CFEBBC}.Release|Any CPU.Build.0 = Release|Any CPU
		{842D8CE2-E85C-45FF-8AC6-765071CFEBBC}.Release|Mixed Platforms.ActiveCfg = Release|Any CPU
		{842D8CE2-E85C-45FF-8AC6-765071CFEBBC}.Release|Mixed Platforms.Build.0 = Release|Any CPU
		{842D8CE2-E85C-45FF-8AC6-765071CFEBBC}.Release|x86.ActiveCfg = Release|x86
		{842D8CE2-E85C-45FF-8AC6-765071CFEBBC}.Release|x86.Build.0 = Release|x86
		{51932BE7-32D6-40A6-B741-37B7067B413D}.Debug|Any CPU.ActiveCfg = Debug|x86
		{51932BE7-32D6-40A6-B741-37B7067B413D}.Debug|Mixed Platforms.ActiveCfg = Debug|x86
		{51932BE7-32D6-40A6-B741-37B7067B413D}.Debug|Mixed Platforms.Build.0 = Debug|x86
		{51932BE7-32D6-40A6-B741-37B7067B413D}.Debug|x86.ActiveCfg = Debug|x86
		{51932BE7-32D6-40A6-B741-37B7067B413D}.Debug|x86.Build.0 = Debug|x86
		{51932BE7-32D6-40A6-B741-37B7067B413D}.Release|Any CPU.ActiveCfg = Release|x86
		{51932BE7-32D6-40A6-B741-37B7067B413D}.Release|Mixed Platforms.ActiveCfg = Release|x86
		{51932BE7-32D6-40A6-B741-37B7067B413D}.Release|Mixed Platforms.Build.0 = Release|x86
		{51932BE7-32D6-40A6-B741-37B7067B413D}.Release|x86.ActiveCfg = Release|x86
		{51932BE7-32D6-40A6-B741-37B7067B413D}.Release|x86.Build.0 = Release|x86
		{5B2D7EF6-B8D5-41D1-A0DD-A52F80A89552}.Debug|Any CPU.ActiveCfg = Debug|x86
		{5B2D7EF6-B8D5-41D1-A0DD-A52F80A89552}.Debug|Mixed Platforms.ActiveCfg = Debug|x86
		{5B2D7EF6-B8D5-41D1-A0DD-A52F80A89552}.Debug|Mixed Platforms.Build.0 = Debug|x86
		{5B2D7EF6-B8D5-41D1-A0DD-A52F80A89552}.Debug|x86.ActiveCfg = Debug|x86
		{5B2D7EF6-B8D5-41D1-A0DD-A52F80A89552}.Debug|x86.Build.0 = Debug|x86
		{5B2D7EF6-B8D5-41D1-A0DD-A52F80A89552}.Release|Any CPU.ActiveCfg = Release|x86
		{5B2D7EF6-B8D5-41D1-A0DD-A52F80A89552}.Release|Mixed Platforms.ActiveCfg = Release|x86
		{5B2D7EF6-B8D5-41D1-A0DD-A52F80A89552}.Release|Mixed Platforms.Build.0 = Release|x86
		{5B2D7EF6-B8D5-41D1-A0DD-A52F80A89552}.Release|x86.ActiveCfg = Release|x86
		{5B2D7EF6-B8D5-41D1-A0DD-A52F80A89552}.Release|x86.Build.0 = Release|x86
		{7A2CB33F-E0CC-4DF4-9410-B29BED85DDB7}.Debug|Any CPU.ActiveCfg = Debug|x86
		{7A2CB33F-E0CC-4DF4-9410-B29BED85DDB7}.Debug|Mixed Platforms.ActiveCfg = Debug|x86
		{7A2CB33F-E0CC-4DF4-9410-B29BED85DDB7}.Debug|Mixed Platforms.Build.0 = Debug|x86
		{7A2CB33F-E0CC-4DF4-9410-B29BED85DDB7}.Debug|x86.ActiveCfg = Debug|x86
		{7A2CB33F-E0CC-4DF4-9410-B29BED85DDB7}.Debug|x86.Build.0 = Debug|x86
		{7A2CB33F-E0CC-4DF4-9410-B29BED85DDB7}.Release|Any CPU.ActiveCfg = Release|x86
		{7A2CB33F-E0CC-4DF4-9410-B29BED85DDB7}.Release|Mixed Platforms.ActiveCfg = Release|x86
		{7A2CB33F-E0CC-4DF4-9410-B29BED85DDB7}.Release|Mixed Platforms.Build.0 = Release|x86
		{7A2CB33F-E0CC-4DF4-9410-B29BED85DDB7}.Release|x86.ActiveCfg = Release|x86
		{7A2CB33F-E0CC-4DF4-9410-B29BED85DDB7}.Release|x86.Build.0 = Release|x86
		{0570F0AC-66DD-41FD-B97B-75B317B18054}.Debug|Any CPU.ActiveCfg = Debug|x86
		{0570F0AC-66DD-41FD-B97B-75B317B18054}.Debug|Mixed Platforms.ActiveCfg = Debug|x86
		{0570F0AC-66DD-41FD-B97B-75B317B18054}.Debug|Mixed Platforms.Build.0 = Debug|x86
		{0570F0AC-66DD-41FD-B97B-75B317B18054}.Debug|x86.ActiveCfg = Debug|x86
		{0570F0AC-66DD-41FD-B97B-75B317B18054}.Debug|x86.Build.0 = Debug|x86
		{0570F0AC-66DD-41FD-B97B-75B317B18054}.Release|Any CPU.ActiveCfg = Release|x86
		{0570F0AC-66DD-41FD-B97B-75B317B18054}.Release|Mixed Platforms.ActiveCfg = Release|x86
		{0570F0AC-66DD-41FD-B97B-75B317B18054}.Release|Mixed Platforms.Build.0 = Release|x86
		{0570F0AC-66DD-41FD-B97B-75B317B18054}.Release|x86.ActiveCfg = Release|x86
		{0570F0AC-66DD-41FD-B97B-75B317B18054}.Release|x86.Build.0 = Release|x86
		{2D2C8543-507F-4924-9C1E-BB2F0E497004}.Debug|Any CPU.ActiveCfg = Debug|x86
		{2D2C8543-507F-4924-9C1E-BB2F0E497004}.Debug|Mixed Platforms.ActiveCfg = Debug|x86
		{2D2C8543-507F-4924-9C1E-BB2F0E497004}.Debug|Mixed Platforms.Build.0 = Debug|x86
		{2D2C8543-507F-4924-9C1E-BB2F0E497004}.Debug|x86.ActiveCfg = Debug|x86
		{2D2C8543-507F-4924-9C1E-BB2F0E497004}.Debug|x86.Build.0 = Debug|x86
		{2D2C8543-507F-4924-9C1E-BB2F0E497004}.Release|Any CPU.ActiveCfg = Release|x86
		{2D2C8543-507F-4924-9C1E-BB2F0E497004}.Release|Mixed Platforms.ActiveCfg = Release|x86
		{2D2C8543-507F-4924-9C1E-BB2F0E497004}.Release|Mixed Platforms.Build.0 = Release|x86
		{2D2C8543-507F-4924-9C1E-BB2F0E497004}.Release|x86.ActiveCfg = Release|x86
		{2D2C8543-507F-4924-9C1E-BB2F0E497004}.Release|x86.Build.0 = Release|x86
		{EEC1DEDB-2B5A-40E9-8E33-6CB64205A074}.Debug|Any CPU.ActiveCfg = Debug|x86
		{EEC1DEDB-2B5A-40E9-8E33-6CB64205A074}.Debug|Mixed Platforms.ActiveCfg = Debug|x86
		{EEC1DEDB-2B5A-40E9-8E33-6CB64205A074}.Debug|Mixed Platforms.Build.0 = Debug|x86
		{EEC1DEDB-2B5A-40E9-8E33-6CB64205A074}.Debug|x86.ActiveCfg = Debug|x86
		{EEC1DEDB-2B5A-40E9-8E33-6CB64205A074}.Debug|x86.Build.0 = Debug|x86
		{EEC1DEDB-2B5A-40E9-8E33-6CB64205A074}.Release|Any CPU.ActiveCfg = Release|x86
		{EEC1DEDB-2B5A-40E9-8E33-6CB64205A074}.Release|Mixed Platforms.ActiveCfg = Release|x86
		{EEC1DEDB-2B5A-40E9-8E33-6CB64205A074}.Release|Mixed Platforms.Build.0 = Release|x86
		{EEC1DEDB-2B5A-40E9-8E33-6CB64205A074}.Release|x86.ActiveCfg = Release|x86
		{EEC1DEDB-2B5A-40E9-8E33-6CB64205A074}.Release|x86.Build.0 = Release|x86
		{EBEBF7C0-D2D2-44D0-BBFC-8A1167FD914C}.Debug|Any CPU.ActiveCfg = Debug|Any CPU
		{EBEBF7C0-D2D2-44D0-BBFC-8A1167FD914C}.Debug|Any CPU.Build.0 = Debug|Any CPU
		{EBEBF7C0-D2D2-44D0-BBFC-8A1167FD914C}.Debug|Mixed Platforms.ActiveCfg = Debug|Any CPU
		{EBEBF7C0-D2D2-44D0-BBFC-8A1167FD914C}.Debug|Mixed Platforms.Build.0 = Debug|Any CPU
		{EBEBF7C0-D2D2-44D0-BBFC-8A1167FD914C}.Debug|x86.ActiveCfg = Debug|Any CPU
		{EBEBF7C0-D2D2-44D0-BBFC-8A1167FD914C}.Release|Any CPU.ActiveCfg = Release|Any CPU
		{EBEBF7C0-D2D2-44D0-BBFC-8A1167FD914C}.Release|Any CPU.Build.0 = Release|Any CPU
		{EBEBF7C0-D2D2-44D0-BBFC-8A1167FD914C}.Release|Mixed Platforms.ActiveCfg = Release|Any CPU
		{EBEBF7C0-D2D2-44D0-BBFC-8A1167FD914C}.Release|Mixed Platforms.Build.0 = Release|Any CPU
		{EBEBF7C0-D2D2-44D0-BBFC-8A1167FD914C}.Release|x86.ActiveCfg = Release|x86
		{EBEBF7C0-D2D2-44D0-BBFC-8A1167FD914C}.Release|x86.Build.0 = Release|x86
		{A1ACB9FC-B759-476A-9807-E70F4E116166}.Debug|Any CPU.ActiveCfg = Debug|Any CPU
		{A1ACB9FC-B759-476A-9807-E70F4E116166}.Debug|Any CPU.Build.0 = Debug|Any CPU
		{A1ACB9FC-B759-476A-9807-E70F4E116166}.Debug|Mixed Platforms.ActiveCfg = Debug|Any CPU
		{A1ACB9FC-B759-476A-9807-E70F4E116166}.Debug|Mixed Platforms.Build.0 = Debug|Any CPU
		{A1ACB9FC-B759-476A-9807-E70F4E116166}.Debug|x86.ActiveCfg = Debug|Any CPU
		{A1ACB9FC-B759-476A-9807-E70F4E116166}.Release|Any CPU.ActiveCfg = Release|Any CPU
		{A1ACB9FC-B759-476A-9807-E70F4E116166}.Release|Any CPU.Build.0 = Release|Any CPU
		{A1ACB9FC-B759-476A-9807-E70F4E116166}.Release|Mixed Platforms.ActiveCfg = Release|Any CPU
		{A1ACB9FC-B759-476A-9807-E70F4E116166}.Release|Mixed Platforms.Build.0 = Release|Any CPU
		{A1ACB9FC-B759-476A-9807-E70F4E116166}.Release|x86.ActiveCfg = Release|x86
		{A1ACB9FC-B759-476A-9807-E70F4E116166}.Release|x86.Build.0 = Release|x86
		{9DA26A71-DE32-4796-B718-BA356011A79F}.Debug|Any CPU.ActiveCfg = Debug|x86
		{9DA26A71-DE32-4796-B718-BA356011A79F}.Debug|Mixed Platforms.ActiveCfg = Debug|x86
		{9DA26A71-DE32-4796-B718-BA356011A79F}.Debug|Mixed Platforms.Build.0 = Debug|x86
		{9DA26A71-DE32-4796-B718-BA356011A79F}.Debug|x86.ActiveCfg = Debug|x86
		{9DA26A71-DE32-4796-B718-BA356011A79F}.Debug|x86.Build.0 = Debug|x86
		{9DA26A71-DE32-4796-B718-BA356011A79F}.Release|Any CPU.ActiveCfg = Release|x86
		{9DA26A71-DE32-4796-B718-BA356011A79F}.Release|Mixed Platforms.ActiveCfg = Release|x86
		{9DA26A71-DE32-4796-B718-BA356011A79F}.Release|Mixed Platforms.Build.0 = Release|x86
		{9DA26A71-DE32-4796-B718-BA356011A79F}.Release|x86.ActiveCfg = Release|x86
		{9DA26A71-DE32-4796-B718-BA356011A79F}.Release|x86.Build.0 = Release|x86
		{9B3A3AAF-92DB-4656-AC4B-3AECC7FF1FD8}.Debug|Any CPU.ActiveCfg = Debug|Any CPU
		{9B3A3AAF-92DB-4656-AC4B-3AECC7FF1FD8}.Debug|Any CPU.Build.0 = Debug|Any CPU
		{9B3A3AAF-92DB-4656-AC4B-3AECC7FF1FD8}.Debug|Mixed Platforms.ActiveCfg = Debug|Any CPU
		{9B3A3AAF-92DB-4656-AC4B-3AECC7FF1FD8}.Debug|Mixed Platforms.Build.0 = Debug|Any CPU
		{9B3A3AAF-92DB-4656-AC4B-3AECC7FF1FD8}.Debug|x86.ActiveCfg = Debug|Any CPU
		{9B3A3AAF-92DB-4656-AC4B-3AECC7FF1FD8}.Release|Any CPU.ActiveCfg = Release|Any CPU
		{9B3A3AAF-92DB-4656-AC4B-3AECC7FF1FD8}.Release|Any CPU.Build.0 = Release|Any CPU
		{9B3A3AAF-92DB-4656-AC4B-3AECC7FF1FD8}.Release|Mixed Platforms.ActiveCfg = Release|Any CPU
		{9B3A3AAF-92DB-4656-AC4B-3AECC7FF1FD8}.Release|Mixed Platforms.Build.0 = Release|Any CPU
		{9B3A3AAF-92DB-4656-AC4B-3AECC7FF1FD8}.Release|x86.ActiveCfg = Release|x86
		{9B3A3AAF-92DB-4656-AC4B-3AECC7FF1FD8}.Release|x86.Build.0 = Release|x86
		{8F8A0F36-F0DC-4E32-9D73-FD89B8FB19D6}.Debug|Any CPU.ActiveCfg = Debug|Any CPU
		{8F8A0F36-F0DC-4E32-9D73-FD89B8FB19D6}.Debug|Any CPU.Build.0 = Debug|Any CPU
		{8F8A0F36-F0DC-4E32-9D73-FD89B8FB19D6}.Debug|Mixed Platforms.ActiveCfg = Debug|x86
		{8F8A0F36-F0DC-4E32-9D73-FD89B8FB19D6}.Debug|Mixed Platforms.Build.0 = Debug|x86
		{8F8A0F36-F0DC-4E32-9D73-FD89B8FB19D6}.Debug|x86.ActiveCfg = Debug|x86
		{8F8A0F36-F0DC-4E32-9D73-FD89B8FB19D6}.Debug|x86.Build.0 = Debug|x86
		{8F8A0F36-F0DC-4E32-9D73-FD89B8FB19D6}.Release|Any CPU.ActiveCfg = Release|Any CPU
		{8F8A0F36-F0DC-4E32-9D73-FD89B8FB19D6}.Release|Any CPU.Build.0 = Release|Any CPU
		{8F8A0F36-F0DC-4E32-9D73-FD89B8FB19D6}.Release|Mixed Platforms.ActiveCfg = Release|x86
		{8F8A0F36-F0DC-4E32-9D73-FD89B8FB19D6}.Release|Mixed Platforms.Build.0 = Release|x86
		{8F8A0F36-F0DC-4E32-9D73-FD89B8FB19D6}.Release|x86.ActiveCfg = Release|x86
		{8F8A0F36-F0DC-4E32-9D73-FD89B8FB19D6}.Release|x86.Build.0 = Release|x86
		{83F49F96-EF43-408C-ABBF-948FBC6F327E}.Debug|Any CPU.ActiveCfg = Debug|Any CPU
		{83F49F96-EF43-408C-ABBF-948FBC6F327E}.Debug|Any CPU.Build.0 = Debug|Any CPU
		{83F49F96-EF43-408C-ABBF-948FBC6F327E}.Debug|Mixed Platforms.ActiveCfg = Debug|Any CPU
		{83F49F96-EF43-408C-ABBF-948FBC6F327E}.Debug|Mixed Platforms.Build.0 = Debug|Any CPU
		{83F49F96-EF43-408C-ABBF-948FBC6F327E}.Debug|x86.ActiveCfg = Debug|Any CPU
		{83F49F96-EF43-408C-ABBF-948FBC6F327E}.Release|Any CPU.ActiveCfg = Release|Any CPU
		{83F49F96-EF43-408C-ABBF-948FBC6F327E}.Release|Any CPU.Build.0 = Release|Any CPU
		{83F49F96-EF43-408C-ABBF-948FBC6F327E}.Release|Mixed Platforms.ActiveCfg = Release|Any CPU
		{83F49F96-EF43-408C-ABBF-948FBC6F327E}.Release|Mixed Platforms.Build.0 = Release|Any CPU
		{83F49F96-EF43-408C-ABBF-948FBC6F327E}.Release|x86.ActiveCfg = Release|Any CPU
	EndGlobalSection
	GlobalSection(SolutionProperties) = preSolution
		HideSolutionNode = FALSE
	EndGlobalSection
	GlobalSection(NestedProjects) = preSolution
		{ECC81AD5-7E16-464E-9060-6DEA47FDFD3B} = {4D0CAD5D-F7D7-4D2E-A170-D0FB9C2285DB}
		{13EA3CF8-8522-45CB-B3CB-5EB9427C2326} = {4D0CAD5D-F7D7-4D2E-A170-D0FB9C2285DB}
		{9E2D45C4-B0BC-4B90-8C44-ED5D70F6BAB9} = {4D0CAD5D-F7D7-4D2E-A170-D0FB9C2285DB}
		{2D2C8543-507F-4924-9C1E-BB2F0E497004} = {4D0CAD5D-F7D7-4D2E-A170-D0FB9C2285DB}
		{2CCB12BE-7C31-4987-9FF5-4F1E3493DFBA} = {18B354EB-FD72-4AA4-9626-AD4BEE7AC7E3}
		{0EBFB67B-045C-4FDA-BE05-1DA82AB0AD06} = {18B354EB-FD72-4AA4-9626-AD4BEE7AC7E3}
		{361D0EB7-15E9-47DD-8C48-6E579FF49D6C} = {18B354EB-FD72-4AA4-9626-AD4BEE7AC7E3}
		{57B9B55C-D329-44AE-8E46-99F7C86970A0} = {18B354EB-FD72-4AA4-9626-AD4BEE7AC7E3}
		{EA55EDA6-2000-42B7-9887-D341E707C561} = {18B354EB-FD72-4AA4-9626-AD4BEE7AC7E3}
		{E9BA691A-C32C-4D9C-9280-9C6A612C286E} = {18B354EB-FD72-4AA4-9626-AD4BEE7AC7E3}
		{7ED81194-3119-4BEB-AFFB-627614075F50} = {18B354EB-FD72-4AA4-9626-AD4BEE7AC7E3}
		{3D2E6532-176C-4FDC-858F-0D46066B64E6} = {18B354EB-FD72-4AA4-9626-AD4BEE7AC7E3}
		{7A1F1903-2E4A-4041-80C2-721F79C44E66} = {18B354EB-FD72-4AA4-9626-AD4BEE7AC7E3}
		{1BC9A319-289F-4E93-AD0E-3ECF771F1F25} = {18B354EB-FD72-4AA4-9626-AD4BEE7AC7E3}
		{0619C4A3-6C09-4550-840F-4FCC5913B839} = {18B354EB-FD72-4AA4-9626-AD4BEE7AC7E3}
		{E46DE775-1768-4D95-BED1-5ED99F278DDA} = {18B354EB-FD72-4AA4-9626-AD4BEE7AC7E3}
		{842D8CE2-E85C-45FF-8AC6-765071CFEBBC} = {18B354EB-FD72-4AA4-9626-AD4BEE7AC7E3}
		{594A3E14-F9D0-42CD-86B3-EF520A821C02} = {18B354EB-FD72-4AA4-9626-AD4BEE7AC7E3}
		{0570F0AC-66DD-41FD-B97B-75B317B18054} = {18B354EB-FD72-4AA4-9626-AD4BEE7AC7E3}
		{9B3A3AAF-92DB-4656-AC4B-3AECC7FF1FD8} = {18B354EB-FD72-4AA4-9626-AD4BEE7AC7E3}
		{6963378E-295E-461C-A69A-D6A3142AFF61} = {2CCB12BE-7C31-4987-9FF5-4F1E3493DFBA}
		{115F0BBB-AE9E-467B-A76B-0103B3978490} = {2CCB12BE-7C31-4987-9FF5-4F1E3493DFBA}
		{56BCFAC0-C3A4-4546-BD08-55A4DFF071EF} = {7A1F1903-2E4A-4041-80C2-721F79C44E66}
		{6316F0D2-B9B7-4FD8-8AB5-76D9C7F14091} = {7A1F1903-2E4A-4041-80C2-721F79C44E66}
		{239A78C2-A651-4DA7-AEDA-D21719A42534} = {1BC9A319-289F-4E93-AD0E-3ECF771F1F25}
		{C6935933-2E15-4A3F-B8C4-BFA403F1E864} = {1BC9A319-289F-4E93-AD0E-3ECF771F1F25}
		{8F8A0F36-F0DC-4E32-9D73-FD89B8FB19D6} = {E46DE775-1768-4D95-BED1-5ED99F278DDA}
		{51932BE7-32D6-40A6-B741-37B7067B413D} = {594A3E14-F9D0-42CD-86B3-EF520A821C02}
		{5B2D7EF6-B8D5-41D1-A0DD-A52F80A89552} = {594A3E14-F9D0-42CD-86B3-EF520A821C02}
		{7A2CB33F-E0CC-4DF4-9410-B29BED85DDB7} = {594A3E14-F9D0-42CD-86B3-EF520A821C02}
		{9DA26A71-DE32-4796-B718-BA356011A79F} = {594A3E14-F9D0-42CD-86B3-EF520A821C02}
		{83F49F96-EF43-408C-ABBF-948FBC6F327E} = {594A3E14-F9D0-42CD-86B3-EF520A821C02}
	EndGlobalSection
EndGlobal
